{
  "name": "customer-idm-simple",
  "version": "1.0.0",
  "lockfileVersion": 2,
  "requires": true,
  "packages": {
    "": {
      "name": "customer-idm-simple",
      "version": "1.0.0",
      "dependencies": {
        "generic-pool": "^3.9.0",
        "ts-postgres": "^1.3.0"
      },
      "devDependencies": {
        "@azure/functions": "^3.0.0",
        "@types/node": "16.x",
        "typescript": "^4.0.0"
      }
    },
    "node_modules/@azure/functions": {
      "version": "3.2.0",
      "resolved": "https://registry.npmjs.org/@azure/functions/-/functions-3.2.0.tgz",
      "integrity": "sha512-HbE7iORnYcjLzKNf5mIQRJQDTsVxhoXHRWEZ6KWdGh4e7+F9xTloiBicavbSoVmlAYivenIVpryHanVwsQaHUw==",
      "dev": true
    },
    "node_modules/@types/node": {
      "version": "16.18.3",
      "resolved": "https://registry.npmjs.org/@types/node/-/node-16.18.3.tgz",
      "integrity": "sha512-jh6m0QUhIRcZpNv7Z/rpN+ZWXOicUUQbSoWks7Htkbb9IjFQj4kzcX/xFCkjstCj5flMsN8FiSvt+q+Tcs4Llg==",
      "dev": true
    },
    "node_modules/generic-pool": {
      "version": "3.9.0",
      "resolved": "https://registry.npmjs.org/generic-pool/-/generic-pool-3.9.0.tgz",
      "integrity": "sha512-hymDOu5B53XvN4QT9dBmZxPX4CWhBPPLguTZ9MMFeFa/Kg0xWVfylOVNlJji/E7yTZWFd/q9GO5TxDLq156D7g==",
      "engines": {
        "node": ">= 4"
      }
    },
    "node_modules/ts-postgres": {
      "version": "1.3.0",
      "resolved": "https://registry.npmjs.org/ts-postgres/-/ts-postgres-1.3.0.tgz",
      "integrity": "sha512-YQY6omZM9RiMeJpzyVn36ankicZnTbSTkHaq+NTkqrLHSRYigsNW9JsPwrZXxLt1es3mV+V6/VUj0eOVcYXq1g==",
      "dependencies": {
        "ts-typed-events": "^3.0.0"
      },
      "engines": {
        "node": ">=10.7.0"
      }
    },
    "node_modules/ts-typed-events": {
      "version": "3.0.0",
      "resolved": "https://registry.npmjs.org/ts-typed-events/-/ts-typed-events-3.0.0.tgz",
      "integrity": "sha512-+2FZ0XPX+UPR7PO8ZQjuvnuDMYRhzrDaCRaNHaBG1xSL//0oPa3XMU5yxgDTzW67VzkE33fQpx1YxWBdkaF7Zw=="
    },
    "node_modules/typescript": {
      "version": "4.9.3",
      "resolved": "https://registry.npmjs.org/typescript/-/typescript-4.9.3.tgz",
      "integrity": "sha512-CIfGzTelbKNEnLpLdGFgdyKhG23CKdKgQPOBc+OUNrkJ2vr+KSzsSV5kq5iWhEQbok+quxgGzrAtGWCyU7tHnA==",
      "dev": true,
      "bin": {
        "tsc": "bin/tsc",
        "tsserver": "bin/tsserver"
      },
      "engines": {
        "node": ">=4.2.0"
      }
    }
  },
  "dependencies": {
    "@azure/functions": {
      "version": "3.2.0",
      "resolved": "https://registry.npmjs.org/@azure/functions/-/functions-3.2.0.tgz",
      "integrity": "sha512-HbE7iORnYcjLzKNf5mIQRJQDTsVxhoXHRWEZ6KWdGh4e7+F9xTloiBicavbSoVmlAYivenIVpryHanVwsQaHUw==",
      "dev": true
    },
    "@types/node": {
      "version": "16.18.3",
      "resolved": "https://registry.npmjs.org/@types/node/-/node-16.18.3.tgz",
      "integrity": "sha512-jh6m0QUhIRcZpNv7Z/rpN+ZWXOicUUQbSoWks7Htkbb9IjFQj4kzcX/xFCkjstCj5flMsN8FiSvt+q+Tcs4Llg==",
      "dev": true
    },
    "generic-pool": {
      "version": "3.9.0",
      "resolved": "https://registry.npmjs.org/generic-pool/-/generic-pool-3.9.0.tgz",
      "integrity": "sha512-hymDOu5B53XvN4QT9dBmZxPX4CWhBPPLguTZ9MMFeFa/Kg0xWVfylOVNlJji/E7yTZWFd/q9GO5TxDLq156D7g=="
    },
    "ts-postgres": {
      "version": "1.3.0",
      "resolved": "https://registry.npmjs.org/ts-postgres/-/ts-postgres-1.3.0.tgz",
      "integrity": "sha512-YQY6omZM9RiMeJpzyVn36ankicZnTbSTkHaq+NTkqrLHSRYigsNW9JsPwrZXxLt1es3mV+V6/VUj0eOVcYXq1g==",
      "requires": {
        "ts-typed-events": "^3.0.0"
      }
    },
    "ts-typed-events": {
      "version": "3.0.0",
      "resolved": "https://registry.npmjs.org/ts-typed-events/-/ts-typed-events-3.0.0.tgz",
      "integrity": "sha512-+2FZ0XPX+UPR7PO8ZQjuvnuDMYRhzrDaCRaNHaBG1xSL//0oPa3XMU5yxgDTzW67VzkE33fQpx1YxWBdkaF7Zw=="
    },
    "typescript": {
      "version": "4.9.3",
      "resolved": "https://registry.npmjs.org/typescript/-/typescript-4.9.3.tgz",
      "integrity": "sha512-CIfGzTelbKNEnLpLdGFgdyKhG23CKdKgQPOBc+OUNrkJ2vr+KSzsSV5kq5iWhEQbok+quxgGzrAtGWCyU7tHnA==",
      "dev": true
    }
  }
}
